
Microsoft Visual Studio Solution File, Format Version 12.00
# Visual Studio 15
VisualStudioVersion = 15.0.28307.1927
MinimumVisualStudioVersion = 10.0.40219.1
Project("{FAE04EC0-301F-11D3-BF4B-00C04F79EFBC}") = "ConsoleApp1", "ConsoleApp1\ConsoleApp1.csproj", "{DDE7E615-A6AD-4EF8-9852-B20CAF3879FC}"
EndProject
Global
	GlobalSection(SolutionConfigurationPlatforms) = preSolution
		Debug|Any CPU = Debug|Any CPU
		Release|Any CPU = Release|Any CPU
	EndGlobalSection
	GlobalSection(ProjectConfigurationPlatforms) = postSolution
		{DDE7E615-A6AD-4EF8-9852-B20CAF3879FC}.Debug|Any CPU.ActiveCfg = Debug|Any CPU
		{DDE7E615-A6AD-4EF8-9852-B20CAF3879FC}.Debug|Any CPU.Build.0 = Debug|Any CPU
		{DDE7E615-A6AD-4EF8-9852-B20CAF3879FC}.Release|Any CPU.ActiveCfg = Release|Any CPU
		{DDE7E615-A6AD-4EF8-9852-B20CAF3879FC}.Release|Any CPU.Build.0 = Release|Any CPU
	EndGlobalSection
	GlobalSection(SolutionProperties) = preSolution
		HideSolutionNode = FALSE
	EndGlobalSection
	GlobalSection(ExtensibilityGlobals) = postSolution
		SolutionGuid = {F7EDF9D6-8DBB-43CF-B5BE-4BC7C7C4AA23}
	EndGlobalSection
EndGlobal
